
Microsoft Visual Studio Solution File, Format Version 12.00
# Visual Studio 15
VisualStudioVersion = 15.0.27703.2026
MinimumVisualStudioVersion = 10.0.40219.1
Project("{FAE04EC0-301F-11D3-BF4B-00C04F79EFBC}") = "WeatherService", "WeatherService\WeatherService.csproj", "{C5F96C65-D4F7-4180-849A-885628177038}"
EndProject
Project("{FAE04EC0-301F-11D3-BF4B-00C04F79EFBC}") = "WeatherService.UnitTests", "WeatherService.UnitTests\WeatherService.UnitTests.csproj", "{F26566A8-F5AD-4CDB-8B15-A11414E3B235}"
EndProject
Global
	GlobalSection(SolutionConfigurationPlatforms) = preSolution
		Debug|Any CPU = Debug|Any CPU
		Release|Any CPU = Release|Any CPU
	EndGlobalSection
	GlobalSection(ProjectConfigurationPlatforms) = postSolution
		{C5F96C65-D4F7-4180-849A-885628177038}.Debug|Any CPU.ActiveCfg = Debug|Any CPU
		{C5F96C65-D4F7-4180-849A-885628177038}.Debug|Any CPU.Build.0 = Debug|Any CPU
		{C5F96C65-D4F7-4180-849A-885628177038}.Release|Any CPU.ActiveCfg = Release|Any CPU
		{C5F96C65-D4F7-4180-849A-885628177038}.Release|Any CPU.Build.0 = Release|Any CPU
		{F26566A8-F5AD-4CDB-8B15-A11414E3B235}.Debug|Any CPU.ActiveCfg = Debug|Any CPU
		{F26566A8-F5AD-4CDB-8B15-A11414E3B235}.Debug|Any CPU.Build.0 = Debug|Any CPU
		{F26566A8-F5AD-4CDB-8B15-A11414E3B235}.Release|Any CPU.ActiveCfg = Release|Any CPU
		{F26566A8-F5AD-4CDB-8B15-A11414E3B235}.Release|Any CPU.Build.0 = Release|Any CPU
	EndGlobalSection
	GlobalSection(SolutionProperties) = preSolution
		HideSolutionNode = FALSE
	EndGlobalSection
	GlobalSection(ExtensibilityGlobals) = postSolution
		SolutionGuid = {F59C3D17-AE2D-442B-B5EE-BF7FB0A821C3}
	EndGlobalSection
EndGlobal
